
Microsoft Visual Studio Solution File, Format Version 12.00
# Visual Studio Version 17
VisualStudioVersion = 17.10.34928.147
MinimumVisualStudioVersion = 10.0.40219.1
Project("{FAE04EC0-301F-11D3-BF4B-00C04F79EFBC}") = "Local-Guide-App", "Local-Guide-App\Local-Guide-App.csproj", "{5B11B6D9-45E0-44EB-B758-D39689862C4D}"
EndProject
Global
	GlobalSection(SolutionConfigurationPlatforms) = preSolution
		Debug|Any CPU = Debug|Any CPU
		Release|Any CPU = Release|Any CPU
	EndGlobalSection
	GlobalSection(ProjectConfigurationPlatforms) = postSolution
		{5B11B6D9-45E0-44EB-B758-D39689862C4D}.Debug|Any CPU.ActiveCfg = Debug|Any CPU
		{5B11B6D9-45E0-44EB-B758-D39689862C4D}.Debug|Any CPU.Build.0 = Debug|Any CPU
		{5B11B6D9-45E0-44EB-B758-D39689862C4D}.Release|Any CPU.ActiveCfg = Release|Any CPU
		{5B11B6D9-45E0-44EB-B758-D39689862C4D}.Release|Any CPU.Build.0 = Release|Any CPU
	EndGlobalSection
	GlobalSection(SolutionProperties) = preSolution
		HideSolutionNode = FALSE
	EndGlobalSection
	GlobalSection(ExtensibilityGlobals) = postSolution
		SolutionGuid = {660BEA3B-7AE7-4337-AD9A-5822A1CC72B7}
	EndGlobalSection
EndGlobal
